
Microsoft Visual Studio Solution File, Format Version 12.00
# Visual Studio Version 16
VisualStudioVersion = 16.0.29326.143
MinimumVisualStudioVersion = 10.0.40219.1
Project("{9A19103F-16F7-4668-BE54-9A1E7A4F7556}") = "Atacadista.WebApi", "Atacadista.WebApi\Atacadista.WebApi.csproj", "{E1601D20-D6C7-4924-9898-FD5003594987}"
EndProject
Project("{9A19103F-16F7-4668-BE54-9A1E7A4F7556}") = "Atacadista.VaregistaAdapter", "Atacadista.VaregistaAdapter\Atacadista.VaregistaAdapter.csproj", "{90A86E47-8562-45DA-98CB-D37B93190DE1}"
EndProject
Project("{9A19103F-16F7-4668-BE54-9A1E7A4F7556}") = "Atacadista.Service", "Atacadista.Service\Atacadista.Service.csproj", "{521663E0-D837-4A88-953A-81471769429A}"
EndProject
Project("{9A19103F-16F7-4668-BE54-9A1E7A4F7556}") = "Atacadista.Dominio", "Atacadista.Dominio\Atacadista.Dominio.csproj", "{6FD3A2D2-BC27-4505-BB14-5AD2148D7D29}"
EndProject
Project("{FAE04EC0-301F-11D3-BF4B-00C04F79EFBC}") = "Atacadista.Service.Testes", "Atacadista.Service.Testes\Atacadista.Service.Testes.csproj", "{D7D49D31-7919-4172-8D4F-C18C48F72333}"
EndProject
Global
	GlobalSection(SolutionConfigurationPlatforms) = preSolution
		Debug|Any CPU = Debug|Any CPU
		Release|Any CPU = Release|Any CPU
	EndGlobalSection
	GlobalSection(ProjectConfigurationPlatforms) = postSolution
		{E1601D20-D6C7-4924-9898-FD5003594987}.Debug|Any CPU.ActiveCfg = Debug|Any CPU
		{E1601D20-D6C7-4924-9898-FD5003594987}.Debug|Any CPU.Build.0 = Debug|Any CPU
		{E1601D20-D6C7-4924-9898-FD5003594987}.Release|Any CPU.ActiveCfg = Release|Any CPU
		{E1601D20-D6C7-4924-9898-FD5003594987}.Release|Any CPU.Build.0 = Release|Any CPU
		{90A86E47-8562-45DA-98CB-D37B93190DE1}.Debug|Any CPU.ActiveCfg = Debug|Any CPU
		{90A86E47-8562-45DA-98CB-D37B93190DE1}.Debug|Any CPU.Build.0 = Debug|Any CPU
		{90A86E47-8562-45DA-98CB-D37B93190DE1}.Release|Any CPU.ActiveCfg = Release|Any CPU
		{90A86E47-8562-45DA-98CB-D37B93190DE1}.Release|Any CPU.Build.0 = Release|Any CPU
		{521663E0-D837-4A88-953A-81471769429A}.Debug|Any CPU.ActiveCfg = Debug|Any CPU
		{521663E0-D837-4A88-953A-81471769429A}.Debug|Any CPU.Build.0 = Debug|Any CPU
		{521663E0-D837-4A88-953A-81471769429A}.Release|Any CPU.ActiveCfg = Release|Any CPU
		{521663E0-D837-4A88-953A-81471769429A}.Release|Any CPU.Build.0 = Release|Any CPU
		{6FD3A2D2-BC27-4505-BB14-5AD2148D7D29}.Debug|Any CPU.ActiveCfg = Debug|Any CPU
		{6FD3A2D2-BC27-4505-BB14-5AD2148D7D29}.Debug|Any CPU.Build.0 = Debug|Any CPU
		{6FD3A2D2-BC27-4505-BB14-5AD2148D7D29}.Release|Any CPU.ActiveCfg = Release|Any CPU
		{6FD3A2D2-BC27-4505-BB14-5AD2148D7D29}.Release|Any CPU.Build.0 = Release|Any CPU
		{D7D49D31-7919-4172-8D4F-C18C48F72333}.Debug|Any CPU.ActiveCfg = Debug|Any CPU
		{D7D49D31-7919-4172-8D4F-C18C48F72333}.Debug|Any CPU.Build.0 = Debug|Any CPU
		{D7D49D31-7919-4172-8D4F-C18C48F72333}.Release|Any CPU.ActiveCfg = Release|Any CPU
		{D7D49D31-7919-4172-8D4F-C18C48F72333}.Release|Any CPU.Build.0 = Release|Any CPU
	EndGlobalSection
	GlobalSection(SolutionProperties) = preSolution
		HideSolutionNode = FALSE
	EndGlobalSection
	GlobalSection(ExtensibilityGlobals) = postSolution
		SolutionGuid = {064B86E5-0F8D-419D-B5ED-6CB660B8326E}
	EndGlobalSection
EndGlobal
